
Microsoft Visual Studio Solution File, Format Version 12.00
# Visual Studio Version 16
VisualStudioVersion = 16.0.31702.278
MinimumVisualStudioVersion = 10.0.40219.1
Project("{FAE04EC0-301F-11D3-BF4B-00C04F79EFBC}") = "barkingdogs", "barkingdogs\barkingdogs.csproj", "{859E63CA-B279-4A63-8C34-BED387FF25B8}"
EndProject
Global
	GlobalSection(SolutionConfigurationPlatforms) = preSolution
		Debug|Any CPU = Debug|Any CPU
		Release|Any CPU = Release|Any CPU
	EndGlobalSection
	GlobalSection(ProjectConfigurationPlatforms) = postSolution
		{859E63CA-B279-4A63-8C34-BED387FF25B8}.Debug|Any CPU.ActiveCfg = Debug|Any CPU
		{859E63CA-B279-4A63-8C34-BED387FF25B8}.Debug|Any CPU.Build.0 = Debug|Any CPU
		{859E63CA-B279-4A63-8C34-BED387FF25B8}.Release|Any CPU.ActiveCfg = Release|Any CPU
		{859E63CA-B279-4A63-8C34-BED387FF25B8}.Release|Any CPU.Build.0 = Release|Any CPU
	EndGlobalSection
	GlobalSection(SolutionProperties) = preSolution
		HideSolutionNode = FALSE
	EndGlobalSection
	GlobalSection(ExtensibilityGlobals) = postSolution
		SolutionGuid = {072DFA26-35BD-4B1E-86E5-00B9D7894591}
	EndGlobalSection
EndGlobal
